
Microsoft Visual Studio Solution File, Format Version 12.00
# Visual Studio Version 16
VisualStudioVersion = 16.0.30114.105
MinimumVisualStudioVersion = 10.0.40219.1
Project("{FAE04EC0-301F-11D3-BF4B-00C04F79EFBC}") = "LimeHome.BackEnd.Demo", "LimeHome.BackEnd.Demo\LimeHome.BackEnd.Demo.csproj", "{3F59D542-2C44-4FA6-BE8D-5B0311EA072B}"
EndProject
Global
	GlobalSection(SolutionConfigurationPlatforms) = preSolution
		Debug|Any CPU = Debug|Any CPU
		Release|Any CPU = Release|Any CPU
	EndGlobalSection
	GlobalSection(ProjectConfigurationPlatforms) = postSolution
		{3F59D542-2C44-4FA6-BE8D-5B0311EA072B}.Debug|Any CPU.ActiveCfg = Debug|Any CPU
		{3F59D542-2C44-4FA6-BE8D-5B0311EA072B}.Debug|Any CPU.Build.0 = Debug|Any CPU
		{3F59D542-2C44-4FA6-BE8D-5B0311EA072B}.Release|Any CPU.ActiveCfg = Release|Any CPU
		{3F59D542-2C44-4FA6-BE8D-5B0311EA072B}.Release|Any CPU.Build.0 = Release|Any CPU
	EndGlobalSection
	GlobalSection(SolutionProperties) = preSolution
		HideSolutionNode = FALSE
	EndGlobalSection
	GlobalSection(ExtensibilityGlobals) = postSolution
		SolutionGuid = {BE0563F9-171E-47B6-AC01-4920124E7B4A}
	EndGlobalSection
EndGlobal
